
Microsoft Visual Studio Solution File, Format Version 12.00
# Visual Studio Version 17
VisualStudioVersion = 17.1.32407.343
MinimumVisualStudioVersion = 10.0.40219.1
Project("{9A19103F-16F7-4668-BE54-9A1E7A4F7556}") = "PiommodoreBASIC", "PiommodoreBASIC\PiommodoreBASIC.csproj", "{1167CB1A-D55A-418E-846D-9CE85BD275F8}"
EndProject
Project("{2150E333-8FDC-42A3-9474-1A3956D46DE8}") = "Solution Items", "Solution Items", "{A4A76CF7-3F06-47EC-8A39-772246A7DEC4}"
	ProjectSection(SolutionItems) = preProject
		.editorconfig = .editorconfig
	EndProjectSection
EndProject
Global
	GlobalSection(SolutionConfigurationPlatforms) = preSolution
		Debug|Any CPU = Debug|Any CPU
		Release|Any CPU = Release|Any CPU
	EndGlobalSection
	GlobalSection(ProjectConfigurationPlatforms) = postSolution
		{1167CB1A-D55A-418E-846D-9CE85BD275F8}.Debug|Any CPU.ActiveCfg = Debug|Any CPU
		{1167CB1A-D55A-418E-846D-9CE85BD275F8}.Debug|Any CPU.Build.0 = Debug|Any CPU
		{1167CB1A-D55A-418E-846D-9CE85BD275F8}.Release|Any CPU.ActiveCfg = Release|Any CPU
		{1167CB1A-D55A-418E-846D-9CE85BD275F8}.Release|Any CPU.Build.0 = Release|Any CPU
	EndGlobalSection
	GlobalSection(SolutionProperties) = preSolution
		HideSolutionNode = FALSE
	EndGlobalSection
	GlobalSection(ExtensibilityGlobals) = postSolution
		SolutionGuid = {A57BC03D-95C9-4A0C-BCB2-AB44C9F203BB}
	EndGlobalSection
EndGlobal
